
Microsoft Visual Studio Solution File, Format Version 12.00
# Visual Studio 15
VisualStudioVersion = 15.0.28307.489
MinimumVisualStudioVersion = 10.0.40219.1
Project("{FAE04EC0-301F-11D3-BF4B-00C04F79EFBC}") = "RetailStorePortal", "RetailStorePortal\RetailStorePortal.csproj", "{A5F5C510-42FC-41D2-AE5E-5B01263E9CEF}"
EndProject
Global
	GlobalSection(SolutionConfigurationPlatforms) = preSolution
		Debug|Any CPU = Debug|Any CPU
		Release|Any CPU = Release|Any CPU
	EndGlobalSection
	GlobalSection(ProjectConfigurationPlatforms) = postSolution
		{A5F5C510-42FC-41D2-AE5E-5B01263E9CEF}.Debug|Any CPU.ActiveCfg = Debug|Any CPU
		{A5F5C510-42FC-41D2-AE5E-5B01263E9CEF}.Debug|Any CPU.Build.0 = Debug|Any CPU
		{A5F5C510-42FC-41D2-AE5E-5B01263E9CEF}.Release|Any CPU.ActiveCfg = Release|Any CPU
		{A5F5C510-42FC-41D2-AE5E-5B01263E9CEF}.Release|Any CPU.Build.0 = Release|Any CPU
	EndGlobalSection
	GlobalSection(SolutionProperties) = preSolution
		HideSolutionNode = FALSE
	EndGlobalSection
	GlobalSection(ExtensibilityGlobals) = postSolution
		SolutionGuid = {08CFCDF2-2E98-4892-B549-444558B7B909}
	EndGlobalSection
EndGlobal
